
Microsoft Visual Studio Solution File, Format Version 12.00
# Visual Studio Version 17
VisualStudioVersion = 17.0.31903.59
MinimumVisualStudioVersion = 10.0.40219.1
Project("{2150E333-8FDC-42A3-9474-1A3956D46DE8}") = "API", "API", "{2E375D91-A5A2-4F6F-9C34-B6A193B0E7B7}"
EndProject
Project("{2150E333-8FDC-42A3-9474-1A3956D46DE8}") = "Core", "Core", "{AB41E0B5-7042-4C91-B6F9-5FAB734A48B6}"
EndProject
Project("{2150E333-8FDC-42A3-9474-1A3956D46DE8}") = "Infrastructure", "Infrastructure", "{57580068-5AA0-411F-B697-72FDE7EAD5AD}"
EndProject
Project("{9A19103F-16F7-4668-BE54-9A1E7A4F7556}") = "Application", "src\Application\Application.csproj", "{2392C232-A23C-4D5D-8B1A-6629CD27DA9B}"
EndProject
Project("{9A19103F-16F7-4668-BE54-9A1E7A4F7556}") = "Domain", "src\Domain\Domain.csproj", "{7F77FBDD-0AF3-430C-977F-FC928ADB7149}"
EndProject
Project("{9A19103F-16F7-4668-BE54-9A1E7A4F7556}") = "Infrastructure", "src\Infrastructure\Infrastructure.csproj", "{FAC6F961-89C2-44D6-86B4-F454FA953839}"
EndProject
Project("{9A19103F-16F7-4668-BE54-9A1E7A4F7556}") = "Persistence", "src\Persistence\Persistence.csproj", "{823A0F8B-4B82-4BD9-B9E6-DF4E35538D63}"
EndProject
Project("{2150E333-8FDC-42A3-9474-1A3956D46DE8}") = "src", "src", "{D899494D-37E8-4FE6-B64B-BE51624A1ED5}"
EndProject
Project("{2150E333-8FDC-42A3-9474-1A3956D46DE8}") = "tests", "tests", "{B99F5544-AAB1-4B41-AE71-7DD452E7154B}"
EndProject
Project("{9A19103F-16F7-4668-BE54-9A1E7A4F7556}") = "API.AcceptanceTests", "tests\API.AcceptanceTests\API.AcceptanceTests.csproj", "{4792C9E3-D7D4-45FC-844B-43C238DE6771}"
EndProject
Project("{9A19103F-16F7-4668-BE54-9A1E7A4F7556}") = "Application.FunctionalTests", "tests\Application.FunctionalTests\Application.FunctionalTests.csproj", "{BDB84BFE-1AC8-45B8-A7E9-D258CE5EDDC1}"
EndProject
Project("{9A19103F-16F7-4668-BE54-9A1E7A4F7556}") = "Application.UnitTests", "tests\Application.UnitTests\Application.UnitTests.csproj", "{A05AE9DC-F847-4F44-B238-DAD160BECB92}"
EndProject
Project("{9A19103F-16F7-4668-BE54-9A1E7A4F7556}") = "Infrastructure.IntegrationTests", "tests\Infrastructure.IntegrationTests\Infrastructure.IntegrationTests.csproj", "{4A549CB8-5201-4EA8-8C23-CF3A4D67D47E}"
EndProject
Project("{9A19103F-16F7-4668-BE54-9A1E7A4F7556}") = "Domain.UnitTests", "tests\Domain.UnitTests\Domain.UnitTests.csproj", "{0F019955-6A78-4915-BFE9-C9F5D6ECC106}"
EndProject
Project("{9A19103F-16F7-4668-BE54-9A1E7A4F7556}") = "API", "src\API\API.csproj", "{6676DA82-3A12-49A0-AFD7-2C85AA780F79}"
EndProject
Project("{2150E333-8FDC-42A3-9474-1A3956D46DE8}") = "Solution Items", "Solution Items", "{8EC936DD-80DF-48F8-822B-DFADBBE0DD73}"
	ProjectSection(SolutionItems) = preProject
		.editorconfig = .editorconfig
		.gitignore = .gitignore
		Directory.Build.props = Directory.Build.props
		README.md = README.md
	EndProjectSection
EndProject
Global
	GlobalSection(SolutionConfigurationPlatforms) = preSolution
		Debug|Any CPU = Debug|Any CPU
		Release|Any CPU = Release|Any CPU
	EndGlobalSection
	GlobalSection(ProjectConfigurationPlatforms) = postSolution
		{2392C232-A23C-4D5D-8B1A-6629CD27DA9B}.Debug|Any CPU.ActiveCfg = Debug|Any CPU
		{2392C232-A23C-4D5D-8B1A-6629CD27DA9B}.Debug|Any CPU.Build.0 = Debug|Any CPU
		{2392C232-A23C-4D5D-8B1A-6629CD27DA9B}.Release|Any CPU.ActiveCfg = Release|Any CPU
		{2392C232-A23C-4D5D-8B1A-6629CD27DA9B}.Release|Any CPU.Build.0 = Release|Any CPU
		{7F77FBDD-0AF3-430C-977F-FC928ADB7149}.Debug|Any CPU.ActiveCfg = Debug|Any CPU
		{7F77FBDD-0AF3-430C-977F-FC928ADB7149}.Debug|Any CPU.Build.0 = Debug|Any CPU
		{7F77FBDD-0AF3-430C-977F-FC928ADB7149}.Release|Any CPU.ActiveCfg = Release|Any CPU
		{7F77FBDD-0AF3-430C-977F-FC928ADB7149}.Release|Any CPU.Build.0 = Release|Any CPU
		{FAC6F961-89C2-44D6-86B4-F454FA953839}.Debug|Any CPU.ActiveCfg = Debug|Any CPU
		{FAC6F961-89C2-44D6-86B4-F454FA953839}.Debug|Any CPU.Build.0 = Debug|Any CPU
		{FAC6F961-89C2-44D6-86B4-F454FA953839}.Release|Any CPU.ActiveCfg = Release|Any CPU
		{FAC6F961-89C2-44D6-86B4-F454FA953839}.Release|Any CPU.Build.0 = Release|Any CPU
		{823A0F8B-4B82-4BD9-B9E6-DF4E35538D63}.Debug|Any CPU.ActiveCfg = Debug|Any CPU
		{823A0F8B-4B82-4BD9-B9E6-DF4E35538D63}.Debug|Any CPU.Build.0 = Debug|Any CPU
		{823A0F8B-4B82-4BD9-B9E6-DF4E35538D63}.Release|Any CPU.ActiveCfg = Release|Any CPU
		{823A0F8B-4B82-4BD9-B9E6-DF4E35538D63}.Release|Any CPU.Build.0 = Release|Any CPU
		{4792C9E3-D7D4-45FC-844B-43C238DE6771}.Debug|Any CPU.ActiveCfg = Debug|Any CPU
		{4792C9E3-D7D4-45FC-844B-43C238DE6771}.Debug|Any CPU.Build.0 = Debug|Any CPU
		{4792C9E3-D7D4-45FC-844B-43C238DE6771}.Release|Any CPU.ActiveCfg = Release|Any CPU
		{4792C9E3-D7D4-45FC-844B-43C238DE6771}.Release|Any CPU.Build.0 = Release|Any CPU
		{BDB84BFE-1AC8-45B8-A7E9-D258CE5EDDC1}.Debug|Any CPU.ActiveCfg = Debug|Any CPU
		{BDB84BFE-1AC8-45B8-A7E9-D258CE5EDDC1}.Debug|Any CPU.Build.0 = Debug|Any CPU
		{BDB84BFE-1AC8-45B8-A7E9-D258CE5EDDC1}.Release|Any CPU.ActiveCfg = Release|Any CPU
		{BDB84BFE-1AC8-45B8-A7E9-D258CE5EDDC1}.Release|Any CPU.Build.0 = Release|Any CPU
		{A05AE9DC-F847-4F44-B238-DAD160BECB92}.Debug|Any CPU.ActiveCfg = Debug|Any CPU
		{A05AE9DC-F847-4F44-B238-DAD160BECB92}.Debug|Any CPU.Build.0 = Debug|Any CPU
		{A05AE9DC-F847-4F44-B238-DAD160BECB92}.Release|Any CPU.ActiveCfg = Release|Any CPU
		{A05AE9DC-F847-4F44-B238-DAD160BECB92}.Release|Any CPU.Build.0 = Release|Any CPU
		{4A549CB8-5201-4EA8-8C23-CF3A4D67D47E}.Debug|Any CPU.ActiveCfg = Debug|Any CPU
		{4A549CB8-5201-4EA8-8C23-CF3A4D67D47E}.Debug|Any CPU.Build.0 = Debug|Any CPU
		{4A549CB8-5201-4EA8-8C23-CF3A4D67D47E}.Release|Any CPU.ActiveCfg = Release|Any CPU
		{4A549CB8-5201-4EA8-8C23-CF3A4D67D47E}.Release|Any CPU.Build.0 = Release|Any CPU
		{0F019955-6A78-4915-BFE9-C9F5D6ECC106}.Debug|Any CPU.ActiveCfg = Debug|Any CPU
		{0F019955-6A78-4915-BFE9-C9F5D6ECC106}.Debug|Any CPU.Build.0 = Debug|Any CPU
		{0F019955-6A78-4915-BFE9-C9F5D6ECC106}.Release|Any CPU.ActiveCfg = Release|Any CPU
		{0F019955-6A78-4915-BFE9-C9F5D6ECC106}.Release|Any CPU.Build.0 = Release|Any CPU
		{6676DA82-3A12-49A0-AFD7-2C85AA780F79}.Debug|Any CPU.ActiveCfg = Debug|Any CPU
		{6676DA82-3A12-49A0-AFD7-2C85AA780F79}.Debug|Any CPU.Build.0 = Debug|Any CPU
		{6676DA82-3A12-49A0-AFD7-2C85AA780F79}.Release|Any CPU.ActiveCfg = Release|Any CPU
		{6676DA82-3A12-49A0-AFD7-2C85AA780F79}.Release|Any CPU.Build.0 = Release|Any CPU
	EndGlobalSection
	GlobalSection(SolutionProperties) = preSolution
		HideSolutionNode = FALSE
	EndGlobalSection
	GlobalSection(NestedProjects) = preSolution
		{2E375D91-A5A2-4F6F-9C34-B6A193B0E7B7} = {D899494D-37E8-4FE6-B64B-BE51624A1ED5}
		{AB41E0B5-7042-4C91-B6F9-5FAB734A48B6} = {D899494D-37E8-4FE6-B64B-BE51624A1ED5}
		{57580068-5AA0-411F-B697-72FDE7EAD5AD} = {D899494D-37E8-4FE6-B64B-BE51624A1ED5}
		{2392C232-A23C-4D5D-8B1A-6629CD27DA9B} = {AB41E0B5-7042-4C91-B6F9-5FAB734A48B6}
		{7F77FBDD-0AF3-430C-977F-FC928ADB7149} = {AB41E0B5-7042-4C91-B6F9-5FAB734A48B6}
		{FAC6F961-89C2-44D6-86B4-F454FA953839} = {57580068-5AA0-411F-B697-72FDE7EAD5AD}
		{823A0F8B-4B82-4BD9-B9E6-DF4E35538D63} = {57580068-5AA0-411F-B697-72FDE7EAD5AD}
		{4792C9E3-D7D4-45FC-844B-43C238DE6771} = {B99F5544-AAB1-4B41-AE71-7DD452E7154B}
		{BDB84BFE-1AC8-45B8-A7E9-D258CE5EDDC1} = {B99F5544-AAB1-4B41-AE71-7DD452E7154B}
		{A05AE9DC-F847-4F44-B238-DAD160BECB92} = {B99F5544-AAB1-4B41-AE71-7DD452E7154B}
		{4A549CB8-5201-4EA8-8C23-CF3A4D67D47E} = {B99F5544-AAB1-4B41-AE71-7DD452E7154B}
		{0F019955-6A78-4915-BFE9-C9F5D6ECC106} = {B99F5544-AAB1-4B41-AE71-7DD452E7154B}
		{6676DA82-3A12-49A0-AFD7-2C85AA780F79} = {2E375D91-A5A2-4F6F-9C34-B6A193B0E7B7}
	EndGlobalSection
	GlobalSection(ExtensibilityGlobals) = postSolution
		SolutionGuid = {B4C72580-412A-48D5-8863-E29DEF0DED9C}
	EndGlobalSection
EndGlobal
